
Microsoft Visual Studio Solution File, Format Version 12.00
# Visual Studio Version 17
VisualStudioVersion = 17.7.34024.191
MinimumVisualStudioVersion = 10.0.40219.1
Project("{FAE04EC0-301F-11D3-BF4B-00C04F79EFBC}") = "SI_01a", "SI_01a\SI_01a.csproj", "{1B5D3BCE-BA31-4061-941F-9D601DCBA21F}"
EndProject
Project("{888888A0-9F3D-457C-B088-3A5042F75D52}") = "PY_SI_01a", "PY_SI_01a\PY_SI_01a.pyproj", "{E9DE95A2-77EE-4629-BE76-E1F7A9677CEB}"
EndProject
Project("{2150E333-8FDC-42A3-9474-1A3956D46DE8}") = "0a1", "0a1", "{F900E172-9C20-4782-8FE9-76DFCD8A0120}"
EndProject
Project("{2150E333-8FDC-42A3-9474-1A3956D46DE8}") = "SI", "SI", "{3D0057F8-230A-4137-807C-91A517A63A35}"
EndProject
Project("{2150E333-8FDC-42A3-9474-1A3956D46DE8}") = "Exercises", "Exercises", "{05F9A12D-D357-4F42-998F-50CA49B902EF}"
EndProject
Project("{FAE04EC0-301F-11D3-BF4B-00C04F79EFBC}") = "EncodeDecodeExercise", "EncodeDecodeExercise\EncodeDecodeExercise.csproj", "{473EE734-53AE-41E1-9D5F-728B5A7F0D86}"
EndProject
Global
	GlobalSection(SolutionConfigurationPlatforms) = preSolution
		Debug|Any CPU = Debug|Any CPU
		Release|Any CPU = Release|Any CPU
	EndGlobalSection
	GlobalSection(ProjectConfigurationPlatforms) = postSolution
		{1B5D3BCE-BA31-4061-941F-9D601DCBA21F}.Debug|Any CPU.ActiveCfg = Debug|Any CPU
		{1B5D3BCE-BA31-4061-941F-9D601DCBA21F}.Debug|Any CPU.Build.0 = Debug|Any CPU
		{1B5D3BCE-BA31-4061-941F-9D601DCBA21F}.Release|Any CPU.ActiveCfg = Release|Any CPU
		{1B5D3BCE-BA31-4061-941F-9D601DCBA21F}.Release|Any CPU.Build.0 = Release|Any CPU
		{E9DE95A2-77EE-4629-BE76-E1F7A9677CEB}.Debug|Any CPU.ActiveCfg = Debug|Any CPU
		{E9DE95A2-77EE-4629-BE76-E1F7A9677CEB}.Release|Any CPU.ActiveCfg = Release|Any CPU
		{473EE734-53AE-41E1-9D5F-728B5A7F0D86}.Debug|Any CPU.ActiveCfg = Debug|Any CPU
		{473EE734-53AE-41E1-9D5F-728B5A7F0D86}.Debug|Any CPU.Build.0 = Debug|Any CPU
		{473EE734-53AE-41E1-9D5F-728B5A7F0D86}.Release|Any CPU.ActiveCfg = Release|Any CPU
		{473EE734-53AE-41E1-9D5F-728B5A7F0D86}.Release|Any CPU.Build.0 = Release|Any CPU
	EndGlobalSection
	GlobalSection(SolutionProperties) = preSolution
		HideSolutionNode = FALSE
	EndGlobalSection
	GlobalSection(NestedProjects) = preSolution
		{1B5D3BCE-BA31-4061-941F-9D601DCBA21F} = {F900E172-9C20-4782-8FE9-76DFCD8A0120}
		{E9DE95A2-77EE-4629-BE76-E1F7A9677CEB} = {F900E172-9C20-4782-8FE9-76DFCD8A0120}
		{05F9A12D-D357-4F42-998F-50CA49B902EF} = {3D0057F8-230A-4137-807C-91A517A63A35}
		{473EE734-53AE-41E1-9D5F-728B5A7F0D86} = {05F9A12D-D357-4F42-998F-50CA49B902EF}
	EndGlobalSection
	GlobalSection(ExtensibilityGlobals) = postSolution
		SolutionGuid = {A60F2D5F-B274-4103-9F79-DA6029994922}
	EndGlobalSection
EndGlobal
